
Microsoft Visual Studio Solution File, Format Version 12.00
# Visual Studio Version 17
VisualStudioVersion = 17.0.31903.59
MinimumVisualStudioVersion = 10.0.40219.1
Project("{FAE04EC0-301F-11D3-BF4B-00C04F79EFBC}") = "FullProject", "FullProject\FullProject.csproj", "{BBC787AC-A5B8-4D41-BFB7-A0CC13BF4BE0}"
EndProject
Global
	GlobalSection(SolutionConfigurationPlatforms) = preSolution
		Debug|Any CPU = Debug|Any CPU
		Release|Any CPU = Release|Any CPU
	EndGlobalSection
	GlobalSection(ProjectConfigurationPlatforms) = postSolution
		{BBC787AC-A5B8-4D41-BFB7-A0CC13BF4BE0}.Debug|Any CPU.ActiveCfg = Debug|Any CPU
		{BBC787AC-A5B8-4D41-BFB7-A0CC13BF4BE0}.Debug|Any CPU.Build.0 = Debug|Any CPU
		{BBC787AC-A5B8-4D41-BFB7-A0CC13BF4BE0}.Release|Any CPU.ActiveCfg = Release|Any CPU
		{BBC787AC-A5B8-4D41-BFB7-A0CC13BF4BE0}.Release|Any CPU.Build.0 = Release|Any CPU
	EndGlobalSection
	GlobalSection(SolutionProperties) = preSolution
		HideSolutionNode = FALSE
	EndGlobalSection
	GlobalSection(ExtensibilityGlobals) = postSolution
		SolutionGuid = {402F12B2-CEB0-4E29-848A-5863BC3CB5B3}
	EndGlobalSection
EndGlobal
